workspace:
  packages:
    halogen-realworld:
      path: ./
      dependencies:
        - aff
        - affjax
        - affjax-web
        - argonaut-core
        - arrays
        - bifunctors
        - codec
        - codec-argonaut
        - console
        - const
        - datetime
        - dom-indexed
        - effect
        - either
        - enums
        - foldable-traversable
        - formatters
        - halogen
        - halogen-formless
        - halogen-store
        - http-methods
        - lists
        - maybe
        - newtype
        - now
        - ordered-collections
        - parallel
        - precise-datetime
        - prelude
        - profunctor
        - profunctor-lenses
        - remotedata
        - routing
        - routing-duplex
        - safe-coerce
        - strings
        - transformers
        - tuples
        - typelevel-prelude
        - web-events
        - web-html
        - web-storage
        - web-uievents
      test_dependencies: []
      build_plan:
        - aff
        - affjax
        - affjax-web
        - argonaut-core
        - arraybuffer-types
        - arrays
        - assert
        - avar
        - bifunctors
        - catenable-lists
        - codec
        - codec-argonaut
        - console
        - const
        - contravariant
        - control
        - convertable-options
        - datetime
        - decimals
        - distributive
        - dom-indexed
        - effect
        - either
        - enums
        - exceptions
        - exists
        - fixed-points
        - foldable-traversable
        - foreign
        - foreign-object
        - fork
        - form-urlencoded
        - formatters
        - free
        - freeap
        - functions
        - functors
        - gen
        - halogen
        - halogen-formless
        - halogen-hooks
        - halogen-store
        - halogen-subscriptions
        - halogen-vdom
        - heterogeneous
        - http-methods
        - identity
        - integers
        - invariant
        - js-date
        - js-uri
        - lazy
        - lcg
        - lists
        - maybe
        - media-types
        - newtype
        - nonempty
        - now
        - nullable
        - numbers
        - ordered-collections
        - orders
        - parallel
        - parsing
        - partial
        - precise-datetime
        - prelude
        - profunctor
        - profunctor-lenses
        - quickcheck
        - random
        - record
        - refs
        - remotedata
        - routing
        - routing-duplex
        - safe-coerce
        - semirings
        - st
        - strings
        - tailrec
        - transformers
        - tuples
        - type-equality
        - typelevel-prelude
        - unfoldable
        - unicode
        - unsafe-coerce
        - unsafe-reference
        - validation
        - variant
        - web-clipboard
        - web-dom
        - web-events
        - web-file
        - web-html
        - web-pointerevents
        - web-promise
        - web-storage
        - web-touchevents
        - web-uievents
        - web-xhr
  extra_packages: {}
packages:
  aff:
    type: registry
    version: 7.1.0
    integrity: sha256-7hOC6uQO9XBAI5FD8F33ChLjFAiZVfd4BJMqlMh7TNU=
    dependencies:
      - arrays
      - bifunctors
      - control
      - datetime
      - effect
      - either
      - exceptions
      - foldable-traversable
      - functions
      - maybe
      - newtype
      - parallel
      - prelude
      - refs
      - tailrec
      - transformers
      - unsafe-coerce
  affjax:
    type: registry
    version: 13.0.0
    integrity: sha256-blYfaoW4FYIrIdvmT4sB7nN7BathFaEfZuiVLPmHJOo=
    dependencies:
      - aff
      - argonaut-core
      - arraybuffer-types
      - foreign
      - form-urlencoded
      - http-methods
      - integers
      - media-types
      - nullable
      - refs
      - unsafe-coerce
      - web-xhr
  affjax-web:
    type: registry
    version: 1.0.0
    integrity: sha256-n/yJUk1wMxMN7fJ2TJ+fELgieomy29N617yOshAnrc0=
    dependencies:
      - aff
      - affjax
      - either
      - maybe
      - prelude
  argonaut-core:
    type: registry
    version: 7.0.0
    integrity: sha256-RC82GfAjItydxrO24cdX373KHVZiLqybu19b5X8u7B4=
    dependencies:
      - arrays
      - control
      - either
      - foreign-object
      - functions
      - gen
      - maybe
      - nonempty
      - prelude
      - strings
      - tailrec
  arraybuffer-types:
    type: registry
    version: 3.0.2
    integrity: sha256-mQKokysYVkooS4uXbO+yovmV/s8b138Ws3zQvOwIHRA=
    dependencies: []
  arrays:
    type: registry
    version: 7.3.0
    integrity: sha256-tmcklBlc/muUtUfr9RapdCPwnlQeB3aSrC4dK85gQlc=
    dependencies:
      - bifunctors
      - control
      - foldable-traversable
      - functions
      - maybe
      - nonempty
      - partial
      - prelude
      - safe-coerce
      - st
      - tailrec
      - tuples
      - unfoldable
      - unsafe-coerce
  assert:
    type: registry
    version: 6.0.0
    integrity: sha256-hCSYcCw9kj3qujoDcriWhCdmrpPZoguSPDZhEMnTl3A=
    dependencies:
      - console
      - effect
      - prelude
  avar:
    type: registry
    version: 5.0.0
    integrity: sha256-e7hf0x4hEpcygXP0LtvfvAQ49Bbj2aWtZT3gqM///0A=
    dependencies:
      - aff
      - effect
      - either
      - exceptions
      - functions
      - maybe
  bifunctors:
    type: registry
    version: 6.0.0
    integrity: sha256-/gZwC9YhNxZNQpnHa5BIYerCGM2jeX9ukZiEvYxm5Nw=
    dependencies:
      - const
      - either
      - newtype
      - prelude
      - tuples
  catenable-lists:
    type: registry
    version: 7.0.0
    integrity: sha256-76vYENhwF4BWTBsjeLuErCH2jqVT4M3R1HX+4RwSftA=
    dependencies:
      - control
      - foldable-traversable
      - lists
      - maybe
      - prelude
      - tuples
      - unfoldable
  codec:
    type: registry
    version: 6.1.0
    integrity: sha256-6vMLNlsJxQarVQ9cn1FYfl5x6opfzxAza15SzRdxFxQ=
    dependencies:
      - bifunctors
      - profunctor
  codec-argonaut:
    type: registry
    version: 10.0.0
    integrity: sha256-n80U8KiBk333qfQwDobSZWiyNg9BA3CL/EwFznIdRwI=
    dependencies:
      - argonaut-core
      - codec
      - foreign-object
      - ordered-collections
      - type-equality
      - variant
  console:
    type: registry
    version: 6.1.0
    integrity: sha256-CxmAzjgyuGDmt9FZW51VhV6rBPwR6o0YeKUzA9rSzcM=
    dependencies:
      - effect
      - prelude
  const:
    type: registry
    version: 6.0.0
    integrity: sha256-tNrxDW8D8H4jdHE2HiPzpLy08zkzJMmGHdRqt5BQuTc=
    dependencies:
      - invariant
      - newtype
      - prelude
  contravariant:
    type: registry
    version: 6.0.0
    integrity: sha256-TP+ooAp3vvmdjfQsQJSichF5B4BPDHp3wAJoWchip6c=
    dependencies:
      - const
      - either
      - newtype
      - prelude
      - tuples
  control:
    type: registry
    version: 6.0.0
    integrity: sha256-sH7Pg9E96JCPF9PIA6oQ8+BjTyO/BH1ZuE/bOcyj4Jk=
    dependencies:
      - newtype
      - prelude
  convertable-options:
    type: registry
    version: 1.0.0
    integrity: sha256-IFsYp0rXyzUtjoi3jed6yFYAVM+NhfgSn2j/zkjpccM=
    dependencies:
      - console
      - effect
      - maybe
      - record
  datetime:
    type: registry
    version: 6.1.0
    integrity: sha256-g/5X5BBegQWLpI9IWD+sY6mcaYpzzlW5lz5NBzaMtyI=
    dependencies:
      - bifunctors
      - control
      - either
      - enums
      - foldable-traversable
      - functions
      - gen
      - integers
      - lists
      - maybe
      - newtype
      - numbers
      - ordered-collections
      - partial
      - prelude
      - tuples
  decimals:
    type: registry
    version: 7.1.0
    integrity: sha256-DriR6lPEfFpjVv7e4JAQkr3ZLf0h17Qg2cAIrhxWV7w=
    dependencies:
      - maybe
  distributive:
    type: registry
    version: 6.0.0
    integrity: sha256-HTDdmEnzigMl+02SJB88j+gAXDx9VKsbvR4MJGDPbOQ=
    dependencies:
      - identity
      - newtype
      - prelude
      - tuples
      - type-equality
  dom-indexed:
    type: registry
    version: 11.0.0
    integrity: sha256-asNUditTILJdNGS7xxFFkm6TrxC0hykoZUII3aTi5Q4=
    dependencies:
      - media-types
      - prelude
      - web-clipboard
      - web-pointerevents
      - web-touchevents
  effect:
    type: registry
    version: 4.0.0
    integrity: sha256-eBtZu+HZcMa5HilvI6kaDyVX3ji8p0W9MGKy2K4T6+M=
    dependencies:
      - prelude
  either:
    type: registry
    version: 6.1.0
    integrity: sha256-6hgTPisnMWVwQivOu2PKYcH8uqjEOOqDyaDQVUchTpY=
    dependencies:
      - control
      - invariant
      - maybe
      - prelude
  enums:
    type: registry
    version: 6.0.1
    integrity: sha256-HWaD73JFLorc4A6trKIRUeDMdzE+GpkJaEOM1nTNkC8=
    dependencies:
      - control
      - either
      - gen
      - maybe
      - newtype
      - nonempty
      - partial
      - prelude
      - tuples
      - unfoldable
  exceptions:
    type: registry
    version: 6.0.0
    integrity: sha256-y/xTAEIZIARCE+50/u1di0ncebJ+CIwNOLswyOWzMTw=
    dependencies:
      - effect
      - either
      - maybe
      - prelude
  exists:
    type: registry
    version: 6.0.0
    integrity: sha256-A0JQHpTfo1dNOj9U5/Fd3xndlRSE0g2IQWOGor2yXn8=
    dependencies:
      - unsafe-coerce
  fixed-points:
    type: registry
    version: 7.0.0
    integrity: sha256-hTl5fzeG4mzAOFzEzAeNH7kJvJgYCH7x3v2NdX9pOE4=
    dependencies:
      - exists
      - newtype
      - prelude
      - transformers
  foldable-traversable:
    type: registry
    version: 6.0.0
    integrity: sha256-fLeqRYM4jUrZD5H4WqcwUgzU7XfYkzO4zhgtNc3jcWM=
    dependencies:
      - bifunctors
      - const
      - control
      - either
      - functors
      - identity
      - maybe
      - newtype
      - orders
      - prelude
      - tuples
  foreign:
    type: registry
    version: 7.0.0
    integrity: sha256-1ORiqoS3HW+qfwSZAppHPWy4/6AQysxZ2t29jcdUMNA=
    dependencies:
      - either
      - functions
      - identity
      - integers
      - lists
      - maybe
      - prelude
      - strings
      - transformers
  foreign-object:
    type: registry
    version: 4.1.0
    integrity: sha256-q24okj6mT+yGHYQ+ei/pYPj5ih6sTbu7eDv/WU56JVo=
    dependencies:
      - arrays
      - foldable-traversable
      - functions
      - gen
      - lists
      - maybe
      - prelude
      - st
      - tailrec
      - tuples
      - typelevel-prelude
      - unfoldable
  fork:
    type: registry
    version: 6.0.0
    integrity: sha256-X7u0SuCvFbLbzuNEKLBNuWjmcroqMqit4xEzpQwAP7E=
    dependencies:
      - aff
  form-urlencoded:
    type: registry
    version: 7.0.0
    integrity: sha256-WUzk8DTjrbPVHKZ5w7XpPBO6ci6xFhvYguHp6RvX+18=
    dependencies:
      - foldable-traversable
      - js-uri
      - maybe
      - newtype
      - prelude
      - strings
      - tuples
  formatters:
    type: registry
    version: 7.0.0
    integrity: sha256-5JaC9d2p0xoqJWjWxlHH19R4iJwFTBr4j7SlYcLgicE=
    dependencies:
      - datetime
      - fixed-points
      - lists
      - numbers
      - parsing
      - prelude
      - transformers
  free:
    type: registry
    version: 7.1.0
    integrity: sha256-JAumgEsGSzJCNLD8AaFvuX7CpqS5yruCngi6yI7+V5k=
    dependencies:
      - catenable-lists
      - control
      - distributive
      - either
      - exists
      - foldable-traversable
      - invariant
      - lazy
      - maybe
      - prelude
      - tailrec
      - transformers
      - tuples
      - unsafe-coerce
  freeap:
    type: registry
    version: 7.0.0
    integrity: sha256-T1VbmNxdNSKEgV4p8uFFv0F16cz+Xx1BkfF64etSdNI=
    dependencies:
      - const
      - exists
      - gen
      - lists
  functions:
    type: registry
    version: 6.0.0
    integrity: sha256-adMyJNEnhGde2unHHAP79gPtlNjNqzgLB8arEOn9hLI=
    dependencies:
      - prelude
  functors:
    type: registry
    version: 5.0.0
    integrity: sha256-zfPWWYisbD84MqwpJSZFlvM6v86McM68ob8p9s27ywU=
    dependencies:
      - bifunctors
      - const
      - contravariant
      - control
      - distributive
      - either
      - invariant
      - maybe
      - newtype
      - prelude
      - profunctor
      - tuples
      - unsafe-coerce
  gen:
    type: registry
    version: 4.0.0
    integrity: sha256-f7yzAXWwr+xnaqEOcvyO3ezKdoes8+WXWdXIHDBCAPI=
    dependencies:
      - either
      - foldable-traversable
      - identity
      - maybe
      - newtype
      - nonempty
      - prelude
      - tailrec
      - tuples
      - unfoldable
  halogen:
    type: registry
    version: 7.0.0
    integrity: sha256-aAE8oW32YiDdA3oQZxPbFkK4n31paT4JL6pvzOe47YE=
    dependencies:
      - aff
      - avar
      - console
      - const
      - dom-indexed
      - effect
      - foreign
      - fork
      - free
      - freeap
      - halogen-subscriptions
      - halogen-vdom
      - media-types
      - nullable
      - ordered-collections
      - parallel
      - profunctor
      - transformers
      - unsafe-coerce
      - unsafe-reference
      - web-file
      - web-uievents
  halogen-formless:
    type: registry
    version: 4.0.3
    integrity: sha256-HqNk/2CT01NPn1HVzAHCsnJ0K56tgtoBcVvKpRww5jo=
    dependencies:
      - convertable-options
      - effect
      - either
      - foldable-traversable
      - foreign-object
      - halogen
      - heterogeneous
      - maybe
      - prelude
      - record
      - safe-coerce
      - type-equality
      - unsafe-coerce
      - unsafe-reference
      - variant
      - web-events
      - web-uievents
  halogen-hooks:
    type: registry
    version: 0.6.3
    integrity: sha256-r3Win1phxy3TCxuS6Ws2lrkQxpPZ8U1CPWcgdXj9qq8=
    dependencies:
      - aff
      - arrays
      - bifunctors
      - effect
      - exceptions
      - foldable-traversable
      - foreign-object
      - free
      - freeap
      - halogen
      - halogen-subscriptions
      - maybe
      - newtype
      - ordered-collections
      - parallel
      - partial
      - prelude
      - refs
      - tailrec
      - transformers
      - tuples
      - unsafe-coerce
      - unsafe-reference
      - web-dom
      - web-html
  halogen-store:
    type: registry
    version: 0.5.4
    integrity: sha256-Mew74D5iJkh/tZ1JhCE4qKgv1Iv/nnhD3yMQphFTd4k=
    dependencies:
      - aff
      - distributive
      - effect
      - fork
      - halogen
      - halogen-hooks
      - halogen-subscriptions
      - maybe
      - prelude
      - refs
      - tailrec
      - transformers
      - tuples
      - unsafe-reference
  halogen-subscriptions:
    type: registry
    version: 2.0.0
    integrity: sha256-8/BPME/sC/kWMDxp0+n4k09gA1IIedXn2yUJ4pCH5xw=
    dependencies:
      - arrays
      - effect
      - foldable-traversable
      - functors
      - refs
      - safe-coerce
      - unsafe-reference
  halogen-vdom:
    type: registry
    version: 8.0.0
    integrity: sha256-5UMDekaYNSM3jtpfWoWTbmZ38rIcnguzGRW3z+IQgV4=
    dependencies:
      - bifunctors
      - effect
      - foreign
      - foreign-object
      - maybe
      - prelude
      - refs
      - tuples
      - unsafe-coerce
      - web-html
  heterogeneous:
    type: registry
    version: 0.6.0
    integrity: sha256-cfNYSK6yYmjTrkzk95Otpv6TUUkeBreexwqG/tBvUyg=
    dependencies:
      - either
      - functors
      - prelude
      - record
      - tuples
      - variant
  http-methods:
    type: registry
    version: 6.0.0
    integrity: sha256-Orr7rbDGcp7qoqmUMXPRMjBx+C4jqOQcFe9+gE3nMgU=
    dependencies:
      - either
      - prelude
      - strings
  identity:
    type: registry
    version: 6.0.0
    integrity: sha256-4wY0XZbAksjY6UAg99WkuKyJlQlWAfTi2ssadH0wVMY=
    dependencies:
      - control
      - invariant
      - newtype
      - prelude
  integers:
    type: registry
    version: 6.0.0
    integrity: sha256-sf+sK26R1hzwl3NhXR7WAu9zCDjQnfoXwcyGoseX158=
    dependencies:
      - maybe
      - numbers
      - prelude
  invariant:
    type: registry
    version: 6.0.0
    integrity: sha256-RGWWyYrz0Hs1KjPDA+87Kia67ZFBhfJ5lMGOMCEFoLo=
    dependencies:
      - control
      - prelude
  js-date:
    type: registry
    version: 8.0.0
    integrity: sha256-6TVF4DWg5JL+jRAsoMssYw8rgOVALMUHT1CuNZt8NRo=
    dependencies:
      - datetime
      - effect
      - exceptions
      - foreign
      - integers
      - now
  js-uri:
    type: registry
    version: 3.1.0
    integrity: sha256-3p0ynHveCJmC2CXze+eMBdW/2l5e953Q8XMAKz+jxUo=
    dependencies:
      - functions
      - maybe
  lazy:
    type: registry
    version: 6.0.0
    integrity: sha256-lMsfFOnlqfe4KzRRiW8ot5ge6HtcU3Eyh2XkXcP5IgU=
    dependencies:
      - control
      - foldable-traversable
      - invariant
      - prelude
  lcg:
    type: registry
    version: 4.0.0
    integrity: sha256-h7ME5cthLfbgJOJdsZcSfFpwXsx4rf8YmhebU+3iSYg=
    dependencies:
      - effect
      - integers
      - maybe
      - partial
      - prelude
      - random
  lists:
    type: registry
    version: 7.0.0
    integrity: sha256-EKF15qYqucuXP2lT/xPxhqy58f0FFT6KHdIB/yBOayI=
    dependencies:
      - bifunctors
      - control
      - foldable-traversable
      - lazy
      - maybe
      - newtype
      - nonempty
      - partial
      - prelude
      - tailrec
      - tuples
      - unfoldable
  maybe:
    type: registry
    version: 6.0.0
    integrity: sha256-5cCIb0wPwbat2PRkQhUeZO0jcAmf8jCt2qE0wbC3v2Q=
    dependencies:
      - control
      - invariant
      - newtype
      - prelude
  media-types:
    type: registry
    version: 6.0.0
    integrity: sha256-n/4FoGBasbVSYscGVRSyBunQ6CZbL3jsYL+Lp01mc9k=
    dependencies:
      - newtype
      - prelude
  newtype:
    type: registry
    version: 5.0.0
    integrity: sha256-gdrQu8oGe9eZE6L3wOI8ql/igOg+zEGB5ITh2g+uttw=
    dependencies:
      - prelude
      - safe-coerce
  nonempty:
    type: registry
    version: 7.0.0
    integrity: sha256-54ablJZUHGvvlTJzi3oXyPCuvY6zsrWJuH/dMJ/MFLs=
    dependencies:
      - control
      - foldable-traversable
      - maybe
      - prelude
      - tuples
      - unfoldable
  now:
    type: registry
    version: 6.0.0
    integrity: sha256-xZ7x37ZMREfs6GCDw/h+FaKHV/3sPWmtqBZRGTxybQY=
    dependencies:
      - datetime
      - effect
  nullable:
    type: registry
    version: 6.0.0
    integrity: sha256-yiGBVl3AD+Guy4kNWWeN+zl1gCiJK+oeIFtZtPCw4+o=
    dependencies:
      - effect
      - functions
      - maybe
  numbers:
    type: registry
    version: 9.0.1
    integrity: sha256-/9M6aeMDBdB4cwYDeJvLFprAHZ49EbtKQLIJsneXLIk=
    dependencies:
      - functions
      - maybe
  ordered-collections:
    type: registry
    version: 3.1.1
    integrity: sha256-boSYHmlz4aSbwsNN4VxiwCStc0t+y1F7BXmBS+1JNtI=
    dependencies:
      - arrays
      - foldable-traversable
      - gen
      - lists
      - maybe
      - partial
      - prelude
      - st
      - tailrec
      - tuples
      - unfoldable
  orders:
    type: registry
    version: 6.0.0
    integrity: sha256-nBA0g3/ai0euH8q9pSbGqk53W2q6agm/dECZTHcoink=
    dependencies:
      - newtype
      - prelude
  parallel:
    type: registry
    version: 6.0.0
    integrity: sha256-VJbkGD0rAKX+NUEeBJbYJ78bEKaZbgow+QwQEfPB6ko=
    dependencies:
      - control
      - effect
      - either
      - foldable-traversable
      - functors
      - maybe
      - newtype
      - prelude
      - profunctor
      - refs
      - transformers
  parsing:
    type: registry
    version: 10.2.0
    integrity: sha256-ZDIdMFAKkst57x6BVa1aUWJnS8smoZnXsZ339Aq1mPA=
    dependencies:
      - arrays
      - control
      - effect
      - either
      - enums
      - foldable-traversable
      - functions
      - identity
      - integers
      - lazy
      - lists
      - maybe
      - newtype
      - nullable
      - numbers
      - partial
      - prelude
      - st
      - strings
      - tailrec
      - transformers
      - tuples
      - unfoldable
      - unicode
      - unsafe-coerce
  partial:
    type: registry
    version: 4.0.0
    integrity: sha256-fwXerld6Xw1VkReh8yeQsdtLVrjfGiVuC5bA1Wyo/J4=
    dependencies: []
  precise-datetime:
    type: registry
    version: 7.0.0
    integrity: sha256-F7tzZ7++Ihtg3xjumzwaHQvGQg61UtEAe5MWeOlTzRY=
    dependencies:
      - arrays
      - datetime
      - decimals
      - either
      - enums
      - foldable-traversable
      - formatters
      - integers
      - js-date
      - lists
      - maybe
      - newtype
      - numbers
      - prelude
      - strings
      - tuples
      - unicode
  prelude:
    type: registry
    version: 6.0.1
    integrity: sha256-o8p6SLYmVPqzXZhQFd2hGAWEwBoXl1swxLG/scpJ0V0=
    dependencies: []
  profunctor:
    type: registry
    version: 6.0.0
    integrity: sha256-99NzxFgTr4CGlCSRYG1kShL+JhYbihhHtbOk1/0R5zI=
    dependencies:
      - control
      - distributive
      - either
      - exists
      - invariant
      - newtype
      - prelude
      - tuples
  profunctor-lenses:
    type: registry
    version: 8.0.0
    integrity: sha256-K7f29rHRHgVSb2Y/PaSKtfYPriP6n87BJNO7EhsZHas=
    dependencies:
      - arrays
      - bifunctors
      - const
      - control
      - distributive
      - either
      - foldable-traversable
      - foreign-object
      - functors
      - identity
      - lists
      - maybe
      - newtype
      - ordered-collections
      - partial
      - prelude
      - profunctor
      - record
      - transformers
      - tuples
  quickcheck:
    type: registry
    version: 8.0.1
    integrity: sha256-ZvpccKQCvgslTXZCNmpYW4bUsFzhZd/kQUr2WmxFTGY=
    dependencies:
      - arrays
      - console
      - control
      - effect
      - either
      - enums
      - exceptions
      - foldable-traversable
      - gen
      - identity
      - integers
      - lazy
      - lcg
      - lists
      - maybe
      - newtype
      - nonempty
      - numbers
      - partial
      - prelude
      - record
      - st
      - strings
      - tailrec
      - transformers
      - tuples
      - unfoldable
  random:
    type: registry
    version: 6.0.0
    integrity: sha256-CJ611a35MPCE7XQMp0rdC6MCn76znlhisiCRgboAG+Q=
    dependencies:
      - effect
      - integers
  record:
    type: registry
    version: 4.0.0
    integrity: sha256-Za5U85bTRJEfGK5Sk4hM41oXy84YQI0I8TL3WUn1Qzg=
    dependencies:
      - functions
      - prelude
      - unsafe-coerce
  refs:
    type: registry
    version: 6.0.0
    integrity: sha256-Vgwne7jIbD3ZMoLNNETLT8Litw6lIYo3MfYNdtYWj9s=
    dependencies:
      - effect
      - prelude
  remotedata:
    type: registry
    version: 5.0.0
    integrity: sha256-s+Udq18AZgZC/88P4ER3w9ur5WPchvPTiEp8zDttSCc=
    dependencies:
      - bifunctors
      - either
      - profunctor-lenses
  routing:
    type: registry
    version: 11.0.0
    integrity: sha256-h2ZehllxQlfJDYh6Rlj0VySlJwqJvY4LMkb7p8cjxLs=
    dependencies:
      - aff
      - console
      - control
      - effect
      - either
      - foldable-traversable
      - integers
      - js-uri
      - lists
      - maybe
      - numbers
      - partial
      - prelude
      - semirings
      - tuples
      - validation
      - web-html
  routing-duplex:
    type: registry
    version: 0.7.0
    integrity: sha256-hgWzZPft6067zYvoZ1n0y/dSz4H2jBNREwfC3qC/s8Y=
    dependencies:
      - arrays
      - assert
      - control
      - effect
      - either
      - foldable-traversable
      - integers
      - js-uri
      - lazy
      - maybe
      - newtype
      - prelude
      - profunctor
      - quickcheck
      - record
      - strings
      - tuples
  safe-coerce:
    type: registry
    version: 2.0.0
    integrity: sha256-a1ibQkiUcbODbLE/WAq7Ttbbh9ex+x33VCQ7GngKudU=
    dependencies:
      - unsafe-coerce
  semirings:
    type: registry
    version: 7.0.0
    integrity: sha256-2qGNMxVYns7RJxZd1uGtJbGTeVl/6Ozsz9OM5gRM61A=
    dependencies:
      - foldable-traversable
      - lists
      - newtype
      - prelude
  st:
    type: registry
    version: 6.2.0
    integrity: sha256-z9X0WsOUlPwNx9GlCC+YccCyz8MejC8Wb0C4+9fiBRY=
    dependencies:
      - partial
      - prelude
      - tailrec
      - unsafe-coerce
  strings:
    type: registry
    version: 6.0.1
    integrity: sha256-WssD3DbX4OPzxSdjvRMX0yvc9+pS7n5gyPv5I2Trb7k=
    dependencies:
      - arrays
      - control
      - either
      - enums
      - foldable-traversable
      - gen
      - integers
      - maybe
      - newtype
      - nonempty
      - partial
      - prelude
      - tailrec
      - tuples
      - unfoldable
      - unsafe-coerce
  tailrec:
    type: registry
    version: 6.1.0
    integrity: sha256-Xx19ECVDRrDWpz9D2GxQHHV89vd61dnXxQm0IcYQHGk=
    dependencies:
      - bifunctors
      - effect
      - either
      - identity
      - maybe
      - partial
      - prelude
      - refs
  transformers:
    type: registry
    version: 6.0.0
    integrity: sha256-Pzw40HjthX77tdPAYzjx43LK3X5Bb7ZspYAp27wksFA=
    dependencies:
      - control
      - distributive
      - effect
      - either
      - exceptions
      - foldable-traversable
      - identity
      - lazy
      - maybe
      - newtype
      - prelude
      - tailrec
      - tuples
      - unfoldable
  tuples:
    type: registry
    version: 7.0.0
    integrity: sha256-1rXgTomes9105BjgXqIw0FL6Fz1lqqUTLWOumhWec1M=
    dependencies:
      - control
      - invariant
      - prelude
  type-equality:
    type: registry
    version: 4.0.1
    integrity: sha256-Hs9D6Y71zFi/b+qu5NSbuadUQXe5iv5iWx0226vOHUw=
    dependencies: []
  typelevel-prelude:
    type: registry
    version: 7.0.0
    integrity: sha256-uFF2ph+vHcQpfPuPf2a3ukJDFmLhApmkpTMviHIWgJM=
    dependencies:
      - prelude
      - type-equality
  unfoldable:
    type: registry
    version: 6.0.0
    integrity: sha256-JtikvJdktRap7vr/K4ITlxUX1QexpnqBq0G/InLr6eg=
    dependencies:
      - foldable-traversable
      - maybe
      - partial
      - prelude
      - tuples
  unicode:
    type: registry
    version: 6.0.0
    integrity: sha256-QJnTVZpmihEAUiMeYrfkusVoziJWp2hJsgi9bMQLue8=
    dependencies:
      - foldable-traversable
      - maybe
      - strings
  unsafe-coerce:
    type: registry
    version: 6.0.0
    integrity: sha256-IqIYW4Vkevn8sI+6aUwRGvd87tVL36BBeOr0cGAE7t0=
    dependencies: []
  unsafe-reference:
    type: registry
    version: 5.0.0
    integrity: sha256-zU7BhfJU14nXQRZG9iADsp0mSiKhz07OcKyjRB2YT+Y=
    dependencies:
      - prelude
  validation:
    type: registry
    version: 6.0.0
    integrity: sha256-kfFailaIW4spGxbRk4261z/RGT0Sb7Dx5f3qihy0MTw=
    dependencies:
      - bifunctors
      - control
      - either
      - foldable-traversable
      - newtype
      - prelude
  variant:
    type: registry
    version: 8.0.0
    integrity: sha256-SR//zQDg2dnbB8ZHslcxieUkCeNlbMToapvmh9onTtw=
    dependencies:
      - enums
      - lists
      - maybe
      - partial
      - prelude
      - record
      - tuples
      - unsafe-coerce
  web-clipboard:
    type: registry
    version: 4.1.0
    integrity: sha256-BKWPF2VptPv3bf3c327NL7RwAW1jK7ggppwbOU1yrnY=
    dependencies:
      - web-html
      - web-promise
  web-dom:
    type: registry
    version: 6.0.0
    integrity: sha256-1kSKWFDI4LupdmpjK01b1MMxDFW7jvatEgPgVmCmSBQ=
    dependencies:
      - web-events
  web-events:
    type: registry
    version: 4.0.0
    integrity: sha256-YDt8b6u1tzGtnWyNRodne57iO8FNSGPaTCVzBUyUn4k=
    dependencies:
      - datetime
      - enums
      - foreign
      - nullable
  web-file:
    type: registry
    version: 4.0.0
    integrity: sha256-1h5jPBkvjY71jLEdwVadXCx86/2inNoMBO//Rd3eCSU=
    dependencies:
      - foreign
      - media-types
      - web-dom
  web-html:
    type: registry
    version: 4.1.0
    integrity: sha256-ByqS/h1/yG+hjCOnOQp7L1QpIWzQENNKB1kaHtpEhlE=
    dependencies:
      - js-date
      - web-dom
      - web-file
      - web-storage
  web-pointerevents:
    type: registry
    version: 1.0.0
    integrity: sha256-I3OGc4gVslh2QsH8QUTeihKCIpFwv4t3RoycZB9ITOs=
    dependencies:
      - effect
      - maybe
      - prelude
      - web-dom
      - web-uievents
  web-promise:
    type: registry
    version: 3.2.0
    integrity: sha256-MttTUDEgrR2HvDxhdeHMHLAcLJQNYJnMDDitCLQrmcA=
    dependencies:
      - effect
      - exceptions
      - foldable-traversable
      - functions
      - maybe
      - prelude
  web-storage:
    type: registry
    version: 5.0.0
    integrity: sha256-q+6lxcnfWxus0/nDeFVtF1V+tLehZvvXQ0cduYPLksY=
    dependencies:
      - nullable
      - web-events
  web-touchevents:
    type: registry
    version: 4.0.0
    integrity: sha256-nDHMyXbkDfCEp299RLHCqj5HCDgWXFFy80lGoGjSzms=
    dependencies:
      - web-uievents
  web-uievents:
    type: registry
    version: 4.1.0
    integrity: sha256-NLadhdaqqK0L9tVQREznam7wrIpcosvHsFVAK5Tf+gE=
    dependencies:
      - web-html
  web-xhr:
    type: registry
    version: 5.0.1
    integrity: sha256-3dbIPVG66S+hPrgEVnpD78hrGjE7qlBbsReWOz89Ios=
    dependencies:
      - arraybuffer-types
      - datetime
      - http-methods
      - web-dom
      - web-file
      - web-html
